// !$*UTF8*$!
{
	archiveVersion = 1;
	classes = {
	};
	objectVersion = 50;
	objects = {

/* Begin PBXBuildFile section */
		24B578D122B91C250027B444 /* AppDelegate.swift in Sources */ = {isa = PBXBuildFile; fileRef = 24B578D022B91C250027B444 /* AppDelegate.swift */; };
		24B578D322B91C250027B444 /* ViewController.swift in Sources */ = {isa = PBXBuildFile; fileRef = 24B578D222B91C250027B444 /* ViewController.swift */; };
		24B578D622B91C250027B444 /* Main.storyboard in Resources */ = {isa = PBXBuildFile; fileRef = 24B578D422B91C250027B444 /* Main.storyboard */; };
		24B578D822B91C270027B444 /* Assets.xcassets in Resources */ = {isa = PBXBuildFile; fileRef = 24B578D722B91C270027B444 /* Assets.xcassets */; };
		24B578DB22B91C270027B444 /* LaunchScreen.storyboard in Resources */ = {isa = PBXBuildFile; fileRef = 24B578D922B91C270027B444 /* LaunchScreen.storyboard */; };
		24B578E622B91C270027B444 /* StudentsAppTests.swift in Sources */ = {isa = PBXBuildFile; fileRef = 24B578E522B91C270027B444 /* StudentsAppTests.swift */; };
		24B578F122B91C270027B444 /* StudentsAppUITests.swift in Sources */ = {isa = PBXBuildFile; fileRef = 24B578F022B91C270027B444 /* StudentsAppUITests.swift */; };
		3336C5AC05D30E220DAFDA40 /* Pods_StudentsAppTests.framework in Frameworks */ = {isa = PBXBuildFile; fileRef = CA8735BEDC4EAE4804189E4D /* Pods_StudentsAppTests.framework */; };
		73FA93659B9B98643B5B85DE /* Pods_StudentsApp.framework in Frameworks */ = {isa = PBXBuildFile; fileRef = C77ED77E07D879C30147586C /* Pods_StudentsApp.framework */; };
		9E0A2E1696AE4F2C96C89142 /* Pods_StudentsAppUITests.framework in Frameworks */ = {isa = PBXBuildFile; fileRef = E115C70F9B699B8798A08F80 /* Pods_StudentsAppUITests.framework */; };
/* End PBXBuildFile section */

/* Begin PBXContainerItemProxy section */
		24B578E222B91C270027B444 /* PBXContainerItemProxy */ = {
			isa = PBXContainerItemProxy;
			containerPortal = 24B578C522B91C250027B444 /* Project object */;
			proxyType = 1;
			remoteGlobalIDString = 24B578CC22B91C250027B444;
			remoteInfo = StudentsApp;
		};
		24B578ED22B91C270027B444 /* PBXContainerItemProxy */ = {
			isa = PBXContainerItemProxy;
			containerPortal = 24B578C522B91C250027B444 /* Project object */;
			proxyType = 1;
			remoteGlobalIDString = 24B578CC22B91C250027B444;
			remoteInfo = StudentsApp;
		};
/* End PBXContainerItemProxy section */

/* Begin PBXFileReference section */
		24B578CD22B91C250027B444 /* StudentsApp.app */ = {isa = PBXFileReference; explicitFileType = wrapper.application; includeInIndex = 0; path = StudentsApp.app; sourceTree = BUILT_PRODUCTS_DIR; };
		24B578D022B91C250027B444 /* AppDelegate.swift */ = {isa = PBXFileReference; lastKnownFileType = sourcecode.swift; path = AppDelegate.swift; sourceTree = "<group>"; };
		24B578D222B91C250027B444 /* ViewController.swift */ = {isa = PBXFileReference; lastKnownFileType = sourcecode.swift; path = ViewController.swift; sourceTree = "<group>"; };
		24B578D522B91C250027B444 /* Base */ = {isa = PBXFileReference; lastKnownFileType = file.storyboard; name = Base; path = Base.lproj/Main.storyboard; sourceTree = "<group>"; };
		24B578D722B91C270027B444 /* Assets.xcassets */ = {isa = PBXFileReference; lastKnownFileType = folder.assetcatalog; path = Assets.xcassets; sourceTree = "<group>"; };
		24B578DA22B91C270027B444 /* Base */ = {isa = PBXFileReference; lastKnownFileType = file.storyboard; name = Base; path = Base.lproj/LaunchScreen.storyboard; sourceTree = "<group>"; };
		24B578DC22B91C270027B444 /* Info.plist */ = {isa = PBXFileReference; lastKnownFileType = text.plist.xml; path = Info.plist; sourceTree = "<group>"; };
		24B578E122B91C270027B444 /* StudentsAppTests.xctest */ = {isa = PBXFileReference; explicitFileType = wrapper.cfbundle; includeInIndex = 0; path = StudentsAppTests.xctest; sourceTree = BUILT_PRODUCTS_DIR; };
		24B578E522B91C270027B444 /* StudentsAppTests.swift */ = {isa = PBXFileReference; lastKnownFileType = sourcecode.swift; path = StudentsAppTests.swift; sourceTree = "<group>"; };
		24B578E722B91C270027B444 /* Info.plist */ = {isa = PBXFileReference; lastKnownFileType = text.plist.xml; path = Info.plist; sourceTree = "<group>"; };
		24B578EC22B91C270027B444 /* StudentsAppUITests.xctest */ = {isa = PBXFileReference; explicitFileType = wrapper.cfbundle; includeInIndex = 0; path = StudentsAppUITests.xctest; sourceTree = BUILT_PRODUCTS_DIR; };
		24B578F022B91C270027B444 /* StudentsAppUITests.swift */ = {isa = PBXFileReference; lastKnownFileType = sourcecode.swift; path = StudentsAppUITests.swift; sourceTree = "<group>"; };
		24B578F222B91C270027B444 /* Info.plist */ = {isa = PBXFileReference; lastKnownFileType = text.plist.xml; path = Info.plist; sourceTree = "<group>"; };
		5205028FD3051AF6BF9B7C9C /* Pods-StudentsAppUITests.release.xcconfig */ = {isa = PBXFileReference; includeInIndex = 1; lastKnownFileType = text.xcconfig; name = "Pods-StudentsAppUITests.release.xcconfig"; path = "Target Support Files/Pods-StudentsAppUITests/Pods-StudentsAppUITests.release.xcconfig"; sourceTree = "<group>"; };
		9592C8504D5ECFE7B5E02E3B /* Pods-StudentsAppUITests.debug.xcconfig */ = {isa = PBXFileReference; includeInIndex = 1; lastKnownFileType = text.xcconfig; name = "Pods-StudentsAppUITests.debug.xcconfig"; path = "Target Support Files/Pods-StudentsAppUITests/Pods-StudentsAppUITests.debug.xcconfig"; sourceTree = "<group>"; };
		962118DA045417BD3F7FEB1D /* Pods-StudentsAppTests.debug.xcconfig */ = {isa = PBXFileReference; includeInIndex = 1; lastKnownFileType = text.xcconfig; name = "Pods-StudentsAppTests.debug.xcconfig"; path = "Target Support Files/Pods-StudentsAppTests/Pods-StudentsAppTests.debug.xcconfig"; sourceTree = "<group>"; };
		970D7038BCBCE1254C446D5C /* Pods-StudentsApp.debug.xcconfig */ = {isa = PBXFileReference; includeInIndex = 1; lastKnownFileType = text.xcconfig; name = "Pods-StudentsApp.debug.xcconfig"; path = "Target Support Files/Pods-StudentsApp/Pods-StudentsApp.debug.xcconfig"; sourceTree = "<group>"; };
		ACCED3CAA752461498EFBB83 /* Pods-StudentsApp.release.xcconfig */ = {isa = PBXFileReference; includeInIndex = 1; lastKnownFileType = text.xcconfig; name = "Pods-StudentsApp.release.xcconfig"; path = "Target Support Files/Pods-StudentsApp/Pods-StudentsApp.release.xcconfig"; sourceTree = "<group>"; };
		C77ED77E07D879C30147586C /* Pods_StudentsApp.framework */ = {isa = PBXFileReference; explicitFileType = wrapper.framework; includeInIndex = 0; path = Pods_StudentsApp.framework; sourceTree = BUILT_PRODUCTS_DIR; };
		CA8735BEDC4EAE4804189E4D /* Pods_StudentsAppTests.framework */ = {isa = PBXFileReference; explicitFileType = wrapper.framework; includeInIndex = 0; path = Pods_StudentsAppTests.framework; sourceTree = BUILT_PRODUCTS_DIR; };
		DCEFD9F3C6A0052C0C572D67 /* Pods-StudentsAppTests.release.xcconfig */ = {isa = PBXFileReference; includeInIndex = 1; lastKnownFileType = text.xcconfig; name = "Pods-StudentsAppTests.release.xcconfig"; path = "Target Support Files/Pods-StudentsAppTests/Pods-StudentsAppTests.release.xcconfig"; sourceTree = "<group>"; };
		E115C70F9B699B8798A08F80 /* Pods_StudentsAppUITests.framework */ = {isa = PBXFileReference; explicitFileType = wrapper.framework; includeInIndex = 0; path = Pods_StudentsAppUITests.framework; sourceTree = BUILT_PRODUCTS_DIR; };
/* End PBXFileReference section */

/* Begin PBXFrameworksBuildPhase section */
		24B578CA22B91C250027B444 /* Frameworks */ = {
			isa = PBXFrameworksBuildPhase;
			buildActionMask = 2147483647;
			files = (
				73FA93659B9B98643B5B85DE /* Pods_StudentsApp.framework in Frameworks */,
			);
			runOnlyForDeploymentPostprocessing = 0;
		};
		24B578DE22B91C270027B444 /* Frameworks */ = {
			isa = PBXFrameworksBuildPhase;
			buildActionMask = 2147483647;
			files = (
				3336C5AC05D30E220DAFDA40 /* Pods_StudentsAppTests.framework in Frameworks */,
			);
			runOnlyForDeploymentPostprocessing = 0;
		};
		24B578E922B91C270027B444 /* Frameworks */ = {
			isa = PBXFrameworksBuildPhase;
			buildActionMask = 2147483647;
			files = (
				9E0A2E1696AE4F2C96C89142 /* Pods_StudentsAppUITests.framework in Frameworks */,
			);
			runOnlyForDeploymentPostprocessing = 0;
		};
/* End PBXFrameworksBuildPhase section */

/* Begin PBXGroup section */
		24B578C422B91C250027B444 = {
			isa = PBXGroup;
			children = (
				24B578CF22B91C250027B444 /* StudentsApp */,
				24B578E422B91C270027B444 /* StudentsAppTests */,
				24B578EF22B91C270027B444 /* StudentsAppUITests */,
				24B578CE22B91C250027B444 /* Products */,
				D63CB1811403957B3BC339F0 /* Pods */,
				92DD7C32ADCCB750A3C5D1EC /* Frameworks */,
			);
			sourceTree = "<group>";
		};
		24B578CE22B91C250027B444 /* Products */ = {
			isa = PBXGroup;
			children = (
				24B578CD22B91C250027B444 /* StudentsApp.app */,
				24B578E122B91C270027B444 /* StudentsAppTests.xctest */,
				24B578EC22B91C270027B444 /* StudentsAppUITests.xctest */,
			);
			name = Products;
			sourceTree = "<group>";
		};
		24B578CF22B91C250027B444 /* StudentsApp */ = {
			isa = PBXGroup;
			children = (
				24B578D022B91C250027B444 /* AppDelegate.swift */,
				24B578D222B91C250027B444 /* ViewController.swift */,
				24B578D422B91C250027B444 /* Main.storyboard */,
				24B578D722B91C270027B444 /* Assets.xcassets */,
				24B578D922B91C270027B444 /* LaunchScreen.storyboard */,
				24B578DC22B91C270027B444 /* Info.plist */,
			);
			path = StudentsApp;
			sourceTree = "<group>";
		};
		24B578E422B91C270027B444 /* StudentsAppTests */ = {
			isa = PBXGroup;
			children = (
				24B578E522B91C270027B444 /* StudentsAppTests.swift */,
				24B578E722B91C270027B444 /* Info.plist */,
			);
			path = StudentsAppTests;
			sourceTree = "<group>";
		};
		24B578EF22B91C270027B444 /* StudentsAppUITests */ = {
			isa = PBXGroup;
			children = (
				24B578F022B91C270027B444 /* StudentsAppUITests.swift */,
				24B578F222B91C270027B444 /* Info.plist */,
			);
			path = StudentsAppUITests;
			sourceTree = "<group>";
		};
		92DD7C32ADCCB750A3C5D1EC /* Frameworks */ = {
			isa = PBXGroup;
			children = (
				C77ED77E07D879C30147586C /* Pods_StudentsApp.framework */,
				CA8735BEDC4EAE4804189E4D /* Pods_StudentsAppTests.framework */,
				E115C70F9B699B8798A08F80 /* Pods_StudentsAppUITests.framework */,
			);
			name = Frameworks;
			sourceTree = "<group>";
		};
		D63CB1811403957B3BC339F0 /* Pods */ = {
			isa = PBXGroup;
			children = (
				970D7038BCBCE1254C446D5C /* Pods-StudentsApp.debug.xcconfig */,
				ACCED3CAA752461498EFBB83 /* Pods-StudentsApp.release.xcconfig */,
				962118DA045417BD3F7FEB1D /* Pods-StudentsAppTests.debug.xcconfig */,
				DCEFD9F3C6A0052C0C572D67 /* Pods-StudentsAppTests.release.xcconfig */,
				9592C8504D5ECFE7B5E02E3B /* Pods-StudentsAppUITests.debug.xcconfig */,
				5205028FD3051AF6BF9B7C9C /* Pods-StudentsAppUITests.release.xcconfig */,
			);
			name = Pods;
			path = Pods;
			sourceTree = "<group>";
		};
/* End PBXGroup section */

/* Begin PBXNativeTarget section */
		24B578CC22B91C250027B444 /* StudentsApp */ = {
			isa = PBXNativeTarget;
			buildConfigurationList = 24B578F522B91C270027B444 /* Build configuration list for PBXNativeTarget "StudentsApp" */;
			buildPhases = (
				673F308F5BE2A7BB60FF6E8A /* [CP] Check Pods Manifest.lock */,
				24B578C922B91C250027B444 /* Sources */,
				24B578CA22B91C250027B444 /* Frameworks */,
				24B578CB22B91C250027B444 /* Resources */,
			);
			buildRules = (
			);
			dependencies = (
			);
			name = StudentsApp;
			productName = StudentsApp;
			productReference = 24B578CD22B91C250027B444 /* StudentsApp.app */;
			productType = "com.apple.product-type.application";
		};
		24B578E022B91C270027B444 /* StudentsAppTests */ = {
			isa = PBXNativeTarget;
			buildConfigurationList = 24B578F822B91C270027B444 /* Build configuration list for PBXNativeTarget "StudentsAppTests" */;
			buildPhases = (
				EB2C1D30B1B228CB137D4D2A /* [CP] Check Pods Manifest.lock */,
				24B578DD22B91C270027B444 /* Sources */,
				24B578DE22B91C270027B444 /* Frameworks */,
				24B578DF22B91C270027B444 /* Resources */,
			);
			buildRules = (
			);
			dependencies = (
				24B578E322B91C270027B444 /* PBXTargetDependency */,
			);
			name = StudentsAppTests;
			productName = StudentsAppTests;
			productReference = 24B578E122B91C270027B444 /* StudentsAppTests.xctest */;
			productType = "com.apple.product-type.bundle.unit-test";
		};
		24B578EB22B91C270027B444 /* StudentsAppUITests */ = {
			isa = PBXNativeTarget;
			buildConfigurationList = 24B578FB22B91C270027B444 /* Build configuration list for PBXNativeTarget "StudentsAppUITests" */;
			buildPhases = (
				92C8CBEBA1D76F359F5FE62F /* [CP] Check Pods Manifest.lock */,
				24B578E822B91C270027B444 /* Sources */,
				24B578E922B91C270027B444 /* Frameworks */,
				24B578EA22B91C270027B444 /* Resources */,
			);
			buildRules = (
			);
			dependencies = (
				24B578EE22B91C270027B444 /* PBXTargetDependency */,
			);
			name = StudentsAppUITests;
			productName = StudentsAppUITests;
			productReference = 24B578EC22B91C270027B444 /* StudentsAppUITests.xctest */;
			productType = "com.apple.product-type.bundle.ui-testing";
		};
/* End PBXNativeTarget section */

/* Begin PBXProject section */
		24B578C522B91C250027B444 /* Project object */ = {
			isa = PBXProject;
			attributes = {
				LastSwiftUpdateCheck = 1020;
				LastUpgradeCheck = 1020;
				ORGANIZATIONNAME = "Valentin Ageev";
				TargetAttributes = {
					24B578CC22B91C250027B444 = {
						CreatedOnToolsVersion = 10.2.1;
					};
					24B578E022B91C270027B444 = {
						CreatedOnToolsVersion = 10.2.1;
						TestTargetID = 24B578CC22B91C250027B444;
					};
					24B578EB22B91C270027B444 = {
						CreatedOnToolsVersion = 10.2.1;
						TestTargetID = 24B578CC22B91C250027B444;
					};
				};
			};
			buildConfigurationList = 24B578C822B91C250027B444 /* Build configuration list for PBXProject "StudentsApp" */;
			compatibilityVersion = "Xcode 9.3";
			developmentRegion = en;
			hasScannedForEncodings = 0;
			knownRegions = (
				en,
				Base,
			);
			mainGroup = 24B578C422B91C250027B444;
			productRefGroup = 24B578CE22B91C250027B444 /* Products */;
			projectDirPath = "";
			projectRoot = "";
			targets = (
				24B578CC22B91C250027B444 /* StudentsApp */,
				24B578E022B91C270027B444 /* StudentsAppTests */,
				24B578EB22B91C270027B444 /* StudentsAppUITests */,
			);
		};
/* End PBXProject section */

/* Begin PBXResourcesBuildPhase section */
		24B578CB22B91C250027B444 /* Resources */ = {
			isa = PBXResourcesBuildPhase;
			buildActionMask = 2147483647;
			files = (
				24B578DB22B91C270027B444 /* LaunchScreen.storyboard in Resources */,
				24B578D822B91C270027B444 /* Assets.xcassets in Resources */,
				24B578D622B91C250027B444 /* Main.storyboard in Resources */,
			);
			runOnlyForDeploymentPostprocessing = 0;
		};
		24B578DF22B91C270027B444 /* Resources */ = {
			isa = PBXResourcesBuildPhase;
			buildActionMask = 2147483647;
			files = (
			);
			runOnlyForDeploymentPostprocessing = 0;
		};
		24B578EA22B91C270027B444 /* Resources */ = {
			isa = PBXResourcesBuildPhase;
			buildActionMask = 2147483647;
			files = (
			);
			runOnlyForDeploymentPostprocessing = 0;
		};
/* End PBXResourcesBuildPhase section */

/* Begin PBXShellScriptBuildPhase section */
		673F308F5BE2A7BB60FF6E8A /* [CP] Check Pods Manifest.lock */ = {
			isa = PBXShellScriptBuildPhase;
			buildActionMask = 2147483647;
			files = (
			);
			inputFileListPaths = (
			);
			inputPaths = (
				"${PODS_PODFILE_DIR_PATH}/Podfile.lock",
				"${PODS_ROOT}/Manifest.lock",
			);
			name = "[CP] Check Pods Manifest.lock";
			outputFileListPaths = (
			);
			outputPaths = (
				"$(DERIVED_FILE_DIR)/Pods-StudentsApp-checkManifestLockResult.txt",
			);
			runOnlyForDeploymentPostprocessing = 0;
			shellPath = /bin/sh;
			shellScript = "diff \"${PODS_PODFILE_DIR_PATH}/Podfile.lock\" \"${PODS_ROOT}/Manifest.lock\" > /dev/null\nif [ $? != 0 ] ; then\n    # print error to STDERR\n    echo \"error: The sandbox is not in sync with the Podfile.lock. Run 'pod install' or update your CocoaPods installation.\" >&2\n    exit 1\nfi\n# This output is used by Xcode 'outputs' to avoid re-running this script phase.\necho \"SUCCESS\" > \"${SCRIPT_OUTPUT_FILE_0}\"\n";
			showEnvVarsInLog = 0;
		};
		92C8CBEBA1D76F359F5FE62F /* [CP] Check Pods Manifest.lock */ = {
			isa = PBXShellScriptBuildPhase;
			buildActionMask = 2147483647;
			files = (
			);
			inputFileListPaths = (
			);
			inputPaths = (
				"${PODS_PODFILE_DIR_PATH}/Podfile.lock",
				"${PODS_ROOT}/Manifest.lock",
			);
			name = "[CP] Check Pods Manifest.lock";
			outputFileListPaths = (
			);
			outputPaths = (
				"$(DERIVED_FILE_DIR)/Pods-StudentsAppUITests-checkManifestLockResult.txt",
			);
			runOnlyForDeploymentPostprocessing = 0;
			shellPath = /bin/sh;
			shellScript = "diff \"${PODS_PODFILE_DIR_PATH}/Podfile.lock\" \"${PODS_ROOT}/Manifest.lock\" > /dev/null\nif [ $? != 0 ] ; then\n    # print error to STDERR\n    echo \"error: The sandbox is not in sync with the Podfile.lock. Run 'pod install' or update your CocoaPods installation.\" >&2\n    exit 1\nfi\n# This output is used by Xcode 'outputs' to avoid re-running this script phase.\necho \"SUCCESS\" > \"${SCRIPT_OUTPUT_FILE_0}\"\n";
			showEnvVarsInLog = 0;
		};
		EB2C1D30B1B228CB137D4D2A /* [CP] Check Pods Manifest.lock */ = {
			isa = PBXShellScriptBuildPhase;
			buildActionMask = 2147483647;
			files = (
			);
			inputFileListPaths = (
			);
			inputPaths = (
				"${PODS_PODFILE_DIR_PATH}/Podfile.lock",
				"${PODS_ROOT}/Manifest.lock",
			);
			name = "[CP] Check Pods Manifest.lock";
			outputFileListPaths = (
			);
			outputPaths = (
				"$(DERIVED_FILE_DIR)/Pods-StudentsAppTests-checkManifestLockResult.txt",
			);
			runOnlyForDeploymentPostprocessing = 0;
			shellPath = /bin/sh;
			shellScript = "diff \"${PODS_PODFILE_DIR_PATH}/Podfile.lock\" \"${PODS_ROOT}/Manifest.lock\" > /dev/null\nif [ $? != 0 ] ; then\n    # print error to STDERR\n    echo \"error: The sandbox is not in sync with the Podfile.lock. Run 'pod install' or update your CocoaPods installation.\" >&2\n    exit 1\nfi\n# This output is used by Xcode 'outputs' to avoid re-running this script phase.\necho \"SUCCESS\" > \"${SCRIPT_OUTPUT_FILE_0}\"\n";
			showEnvVarsInLog = 0;
		};
/* End PBXShellScriptBuildPhase section */

/* Begin PBXSourcesBuildPhase section */
		24B578C922B91C250027B444 /* Sources */ = {
			isa = PBXSourcesBuildPhase;
			buildActionMask = 2147483647;
			files = (
				24B578D322B91C250027B444 /* ViewController.swift in Sources */,
				24B578D122B91C250027B444 /* AppDelegate.swift in Sources */,
			);
			runOnlyForDeploymentPostprocessing = 0;
		};
		24B578DD22B91C270027B444 /* Sources */ = {
			isa = PBXSourcesBuildPhase;
			buildActionMask = 2147483647;
			files = (
				24B578E622B91C270027B444 /* StudentsAppTests.swift in Sources */,
			);
			runOnlyForDeploymentPostprocessing = 0;
		};
		24B578E822B91C270027B444 /* Sources */ = {
			isa = PBXSourcesBuildPhase;
			buildActionMask = 2147483647;
			files = (
				24B578F122B91C270027B444 /* StudentsAppUITests.swift in Sources */,
			);
			runOnlyForDeploymentPostprocessing = 0;
		};
/* End PBXSourcesBuildPhase section */

/* Begin PBXTargetDependency section */
		24B578E322B91C270027B444 /* PBXTargetDependency */ = {
			isa = PBXTargetDependency;
			target = 24B578CC22B91C250027B444 /* StudentsApp */;
			targetProxy = 24B578E222B91C270027B444 /* PBXContainerItemProxy */;
		};
		24B578EE22B91C270027B444 /* PBXTargetDependency */ = {
			isa = PBXTargetDependency;
			target = 24B578CC22B91C250027B444 /* StudentsApp */;
			targetProxy = 24B578ED22B91C270027B444 /* PBXContainerItemProxy */;
		};
/* End PBXTargetDependency section */

/* Begin PBXVariantGroup section */
		24B578D422B91C250027B444 /* Main.storyboard */ = {
			isa = PBXVariantGroup;
			children = (
				24B578D522B91C250027B444 /* Base */,
			);
			name = Main.storyboard;
			sourceTree = "<group>";
		};
		24B578D922B91C270027B444 /* LaunchScreen.storyboard */ = {
			isa = PBXVariantGroup;
			children = (
				24B578DA22B91C270027B444 /* Base */,
			);
			name = LaunchScreen.storyboard;
			sourceTree = "<group>";
		};
/* End PBXVariantGroup section */

/* Begin XCBuildConfiguration section */
		24B578F322B91C270027B444 /* Debug */ = {
			isa = XCBuildConfiguration;
			buildSettings = {
				ALWAYS_SEARCH_USER_PATHS = NO;
				CLANG_ANALYZER_NONNULL = YES;
				CLANG_ANALYZER_NUMBER_OBJECT_CONVERSION = YES_AGGRESSIVE;
				CLANG_CXX_LANGUAGE_STANDARD = "gnu++14";
				CLANG_CXX_LIBRARY = "libc++";
				CLANG_ENABLE_MODULES = YES;
				CLANG_ENABLE_OBJC_ARC = YES;
				CLANG_ENABLE_OBJC_WEAK = YES;
				CLANG_WARN_BLOCK_CAPTURE_AUTORELEASING = YES;
				CLANG_WARN_BOOL_CONVERSION = YES;
				CLANG_WARN_COMMA = YES;
				CLANG_WARN_CONSTANT_CONVERSION = YES;
				CLANG_WARN_DEPRECATED_OBJC_IMPLEMENTATIONS = YES;
				CLANG_WARN_DIRECT_OBJC_ISA_USAGE = YES_ERROR;
				CLANG_WARN_DOCUMENTATION_COMMENTS = YES;
				CLANG_WARN_EMPTY_BODY = YES;
				CLANG_WARN_ENUM_CONVERSION = YES;
				CLANG_WARN_INFINITE_RECURSION = YES;
				CLANG_WARN_INT_CONVERSION = YES;
				CLANG_WARN_NON_LITERAL_NULL_CONVERSION = YES;
				CLANG_WARN_OBJC_IMPLICIT_RETAIN_SELF = YES;
				CLANG_WARN_OBJC_LITERAL_CONVERSION = YES;
				CLANG_WARN_OBJC_ROOT_CLASS = YES_ERROR;
				CLANG_WARN_RANGE_LOOP_ANALYSIS = YES;
				CLANG_WARN_STRICT_PROTOTYPES = YES;
				CLANG_WARN_SUSPICIOUS_MOVE = YES;
				CLANG_WARN_UNGUARDED_AVAILABILITY = YES_AGGRESSIVE;
				CLANG_WARN_UNREACHABLE_CODE = YES;
				CLANG_WARN__DUPLICATE_METHOD_MATCH = YES;
				CODE_SIGN_IDENTITY = "iPhone Developer";
				COPY_PHASE_STRIP = NO;
				DEBUG_INFORMATION_FORMAT = dwarf;
				ENABLE_STRICT_OBJC_MSGSEND = YES;
				ENABLE_TESTABILITY = YES;
				GCC_C_LANGUAGE_STANDARD = gnu11;
				GCC_DYNAMIC_NO_PIC = NO;
				GCC_NO_COMMON_BLOCKS = YES;
				GCC_OPTIMIZATION_LEVEL = 0;
				GCC_PREPROCESSOR_DEFINITIONS = (
					"DEBUG=1",
					"$(inherited)",
				);
				GCC_WARN_64_TO_32_BIT_CONVERSION = YES;
				GCC_WARN_ABOUT_RETURN_TYPE = YES_ERROR;
				GCC_WARN_UNDECLARED_SELECTOR = YES;
				GCC_WARN_UNINITIALIZED_AUTOS = YES_AGGRESSIVE;
				GCC_WARN_UNUSED_FUNCTION = YES;
				GCC_WARN_UNUSED_VARIABLE = YES;
				IPHONEOS_DEPLOYMENT_TARGET = 12.2;
				MTL_ENABLE_DEBUG_INFO = INCLUDE_SOURCE;
				MTL_FAST_MATH = YES;
				ONLY_ACTIVE_ARCH = YES;
				SDKROOT = iphoneos;
				SWIFT_ACTIVE_COMPILATION_CONDITIONS = DEBUG;
				SWIFT_OPTIMIZATION_LEVEL = "-Onone";
			};
			name = Debug;
		};
		24B578F422B91C270027B444 /* Release */ = {
			isa = XCBuildConfiguration;
			buildSettings = {
				ALWAYS_SEARCH_USER_PATHS = NO;
				CLANG_ANALYZER_NONNULL = YES;
				CLANG_ANALYZER_NUMBER_OBJECT_CONVERSION = YES_AGGRESSIVE;
				CLANG_CXX_LANGUAGE_STANDARD = "gnu++14";
				CLANG_CXX_LIBRARY = "libc++";
				CLANG_ENABLE_MODULES = YES;
				CLANG_ENABLE_OBJC_ARC = YES;
				CLANG_ENABLE_OBJC_WEAK = YES;
				CLANG_WARN_BLOCK_CAPTURE_AUTORELEASING = YES;
				CLANG_WARN_BOOL_CONVERSION = YES;
				CLANG_WARN_COMMA = YES;
				CLANG_WARN_CONSTANT_CONVERSION = YES;
				CLANG_WARN_DEPRECATED_OBJC_IMPLEMENTATIONS = YES;
				CLANG_WARN_DIRECT_OBJC_ISA_USAGE = YES_ERROR;
				CLANG_WARN_DOCUMENTATION_COMMENTS = YES;
				CLANG_WARN_EMPTY_BODY = YES;
				CLANG_WARN_ENUM_CONVERSION = YES;
				CLANG_WARN_INFINITE_RECURSION = YES;
				CLANG_WARN_INT_CONVERSION = YES;
				CLANG_WARN_NON_LITERAL_NULL_CONVERSION = YES;
				CLANG_WARN_OBJC_IMPLICIT_RETAIN_SELF = YES;
				CLANG_WARN_OBJC_LITERAL_CONVERSION = YES;
				CLANG_WARN_OBJC_ROOT_CLASS = YES_ERROR;
				CLANG_WARN_RANGE_LOOP_ANALYSIS = YES;
				CLANG_WARN_STRICT_PROTOTYPES = YES;
				CLANG_WARN_SUSPICIOUS_MOVE = YES;
				CLANG_WARN_UNGUARDED_AVAILABILITY = YES_AGGRESSIVE;
				CLANG_WARN_UNREACHABLE_CODE = YES;
				CLANG_WARN__DUPLICATE_METHOD_MATCH = YES;
				CODE_SIGN_IDENTITY = "iPhone Developer";
				COPY_PHASE_STRIP = NO;
				DEBUG_INFORMATION_FORMAT = "dwarf-with-dsym";
				ENABLE_NS_ASSERTIONS = NO;
				ENABLE_STRICT_OBJC_MSGSEND = YES;
				GCC_C_LANGUAGE_STANDARD = gnu11;
				GCC_NO_COMMON_BLOCKS = YES;
				GCC_WARN_64_TO_32_BIT_CONVERSION = YES;
				GCC_WARN_ABOUT_RETURN_TYPE = YES_ERROR;
				GCC_WARN_UNDECLARED_SELECTOR = YES;
				GCC_WARN_UNINITIALIZED_AUTOS = YES_AGGRESSIVE;
				GCC_WARN_UNUSED_FUNCTION = YES;
				GCC_WARN_UNUSED_VARIABLE = YES;
				IPHONEOS_DEPLOYMENT_TARGET = 12.2;
				MTL_ENABLE_DEBUG_INFO = NO;
				MTL_FAST_MATH = YES;
				SDKROOT = iphoneos;
				SWIFT_COMPILATION_MODE = wholemodule;
				SWIFT_OPTIMIZATION_LEVEL = "-O";
				VALIDATE_PRODUCT = YES;
			};
			name = Release;
		};
		24B578F622B91C270027B444 /* Debug */ = {
			isa = XCBuildConfiguration;
			baseConfigurationReference = 970D7038BCBCE1254C446D5C /* Pods-StudentsApp.debug.xcconfig */;
			buildSettings = {
				ASSETCATALOG_COMPILER_APPICON_NAME = AppIcon;
				CODE_SIGN_STYLE = Automatic;
				DEVELOPMENT_TEAM = U4SCWAVQU6;
				INFOPLIST_FILE = StudentsApp/Info.plist;
				LD_RUNPATH_SEARCH_PATHS = (
					"$(inherited)",
					"@executable_path/Frameworks",
				);
				PRODUCT_BUNDLE_IDENTIFIER = com.valentin.StudentsApp;
				PRODUCT_NAME = "$(TARGET_NAME)";
				SWIFT_VERSION = 5.0;
				TARGETED_DEVICE_FAMILY = "1,2";
			};
			name = Debug;
		};
		24B578F722B91C270027B444 /* Release */ = {
			isa = XCBuildConfiguration;
			baseConfigurationReference = ACCED3CAA752461498EFBB83 /* Pods-StudentsApp.release.xcconfig */;
			buildSettings = {
				ASSETCATALOG_COMPILER_APPICON_NAME = AppIcon;
				CODE_SIGN_STYLE = Automatic;
				DEVELOPMENT_TEAM = U4SCWAVQU6;
				INFOPLIST_FILE = StudentsApp/Info.plist;
				LD_RUNPATH_SEARCH_PATHS = (
					"$(inherited)",
					"@executable_path/Frameworks",
				);
				PRODUCT_BUNDLE_IDENTIFIER = com.valentin.StudentsApp;
				PRODUCT_NAME = "$(TARGET_NAME)";
				SWIFT_VERSION = 5.0;
				TARGETED_DEVICE_FAMILY = "1,2";
			};
			name = Release;
		};
		24B578F922B91C270027B444 /* Debug */ = {
			isa = XCBuildConfiguration;
			baseConfigurationReference = 962118DA045417BD3F7FEB1D /* Pods-StudentsAppTests.debug.xcconfig */;
			buildSettings = {
				ALWAYS_EMBED_SWIFT_STANDARD_LIBRARIES = YES;
				BUNDLE_LOADER = "$(TEST_HOST)";
				CODE_SIGN_STYLE = Automatic;
				DEVELOPMENT_TEAM = U4SCWAVQU6;
				INFOPLIST_FILE = StudentsAppTests/Info.plist;
				LD_RUNPATH_SEARCH_PATHS = (
					"$(inherited)",
					"@executable_path/Frameworks",
					"@loader_path/Frameworks",
				);
				PRODUCT_BUNDLE_IDENTIFIER = com.valentin.StudentsAppTests;
				PRODUCT_NAME = "$(TARGET_NAME)";
				SWIFT_VERSION = 5.0;
				TARGETED_DEVICE_FAMILY = "1,2";
				TEST_HOST = "$(BUILT_PRODUCTS_DIR)/StudentsApp.app/StudentsApp";
			};
			name = Debug;
		};
		24B578FA22B91C270027B444 /* Release */ = {
			isa = XCBuildConfiguration;
			baseConfigurationReference = DCEFD9F3C6A0052C0C572D67 /* Pods-StudentsAppTests.release.xcconfig */;
			buildSettings = {
				ALWAYS_EMBED_SWIFT_STANDARD_LIBRARIES = YES;
				BUNDLE_LOADER = "$(TEST_HOST)";
				CODE_SIGN_STYLE = Automatic;
				DEVELOPMENT_TEAM = U4SCWAVQU6;
				INFOPLIST_FILE = StudentsAppTests/Info.plist;
				LD_RUNPATH_SEARCH_PATHS = (
					"$(inherited)",
					"@executable_path/Frameworks",
					"@loader_path/Frameworks",
				);
				PRODUCT_BUNDLE_IDENTIFIER = com.valentin.StudentsAppTests;
				PRODUCT_NAME = "$(TARGET_NAME)";
				SWIFT_VERSION = 5.0;
				TARGETED_DEVICE_FAMILY = "1,2";
				TEST_HOST = "$(BUILT_PRODUCTS_DIR)/StudentsApp.app/StudentsApp";
			};
			name = Release;
		};
		24B578FC22B91C270027B444 /* Debug */ = {
			isa = XCBuildConfiguration;
			baseConfigurationReference = 9592C8504D5ECFE7B5E02E3B /* Pods-StudentsAppUITests.debug.xcconfig */;
			buildSettings = {
				ALWAYS_EMBED_SWIFT_STANDARD_LIBRARIES = YES;
				CODE_SIGN_STYLE = Automatic;
				DEVELOPMENT_TEAM = U4SCWAVQU6;
				INFOPLIST_FILE = StudentsAppUITests/Info.plist;
				LD_RUNPATH_SEARCH_PATHS = (
					"$(inherited)",
					"@executable_path/Frameworks",
					"@loader_path/Frameworks",
				);
				PRODUCT_BUNDLE_IDENTIFIER = com.valentin.StudentsAppUITests;
				PRODUCT_NAME = "$(TARGET_NAME)";
				SWIFT_VERSION = 5.0;
				TARGETED_DEVICE_FAMILY = "1,2";
				TEST_TARGET_NAME = StudentsApp;
			};
			name = Debug;
		};
		24B578FD22B91C270027B444 /* Release */ = {
			isa = XCBuildConfiguration;
			baseConfigurationReference = 5205028FD3051AF6BF9B7C9C /* Pods-StudentsAppUITests.release.xcconfig */;
			buildSettings = {
				ALWAYS_EMBED_SWIFT_STANDARD_LIBRARIES = YES;
				CODE_SIGN_STYLE = Automatic;
				DEVELOPMENT_TEAM = U4SCWAVQU6;
				INFOPLIST_FILE = StudentsAppUITests/Info.plist;
				LD_RUNPATH_SEARCH_PATHS = (
					"$(inherited)",
					"@executable_path/Frameworks",
					"@loader_path/Frameworks",
				);
				PRODUCT_BUNDLE_IDENTIFIER = com.valentin.StudentsAppUITests;
				PRODUCT_NAME = "$(TARGET_NAME)";
				SWIFT_VERSION = 5.0;
				TARGETED_DEVICE_FAMILY = "1,2";
				TEST_TARGET_NAME = StudentsApp;
			};
			name = Release;
		};
/* End XCBuildConfiguration section */

/* Begin XCConfigurationList section */
		24B578C822B91C250027B444 /* Build configuration list for PBXProject "StudentsApp" */ = {
			isa = XCConfigurationList;
			buildConfigurations = (
				24B578F322B91C270027B444 /* Debug */,
				24B578F422B91C270027B444 /* Release */,
			);
			defaultConfigurationIsVisible = 0;
			defaultConfigurationName = Release;
		};
		24B578F522B91C270027B444 /* Build configuration list for PBXNativeTarget "StudentsApp" */ = {
			isa = XCConfigurationList;
			buildConfigurations = (
				24B578F622B91C270027B444 /* Debug */,
				24B578F722B91C270027B444 /* Release */,
			);
			defaultConfigurationIsVisible = 0;
			defaultConfigurationName = Release;
		};
		24B578F822B91C270027B444 /* Build configuration list for PBXNativeTarget "StudentsAppTests" */ = {
			isa = XCConfigurationList;
			buildConfigurations = (
				24B578F922B91C270027B444 /* Debug */,
				24B578FA22B91C270027B444 /* Release */,
			);
			defaultConfigurationIsVisible = 0;
			defaultConfigurationName = Release;
		};
		24B578FB22B91C270027B444 /* Build configuration list for PBXNativeTarget "StudentsAppUITests" */ = {
			isa = XCConfigurationList;
			buildConfigurations = (
				24B578FC22B91C270027B444 /* Debug */,
				24B578FD22B91C270027B444 /* Release */,
			);
			defaultConfigurationIsVisible = 0;
			defaultConfigurationName = Release;
		};
/* End XCConfigurationList section */
	};
	rootObject = 24B578C522B91C250027B444 /* Project object */;
}
